
Microsoft Visual Studio Solution File, Format Version 12.00
# Visual Studio Version 17
VisualStudioVersion = 17.12.35707.178
MinimumVisualStudioVersion = 10.0.40219.1
Project("{FAE04EC0-301F-11D3-BF4B-00C04F79EFBC}") = "Day1", "Aspdotnet_Core_Tasks\Day1.csproj", "{6C09E21A-7DD7-4BFF-AF41-A491D3748B3B}"
EndProject
Project("{FAE04EC0-301F-11D3-BF4B-00C04F79EFBC}") = "Day2", "Day2\Day2.csproj", "{8801D3A0-9E4C-4778-94E5-049DB743387A}"
EndProject
Project("{FAE04EC0-301F-11D3-BF4B-00C04F79EFBC}") = "Day3", "Day3\Day3.csproj", "{4B09D039-DD38-435B-B1CB-9ECA9587F13C}"
EndProject
Global
	GlobalSection(SolutionConfigurationPlatforms) = preSolution
		Debug|Any CPU = Debug|Any CPU
		Release|Any CPU = Release|Any CPU
	EndGlobalSection
	GlobalSection(ProjectConfigurationPlatforms) = postSolution
		{6C09E21A-7DD7-4BFF-AF41-A491D3748B3B}.Debug|Any CPU.ActiveCfg = Debug|Any CPU
		{6C09E21A-7DD7-4BFF-AF41-A491D3748B3B}.Debug|Any CPU.Build.0 = Debug|Any CPU
		{6C09E21A-7DD7-4BFF-AF41-A491D3748B3B}.Release|Any CPU.ActiveCfg = Release|Any CPU
		{6C09E21A-7DD7-4BFF-AF41-A491D3748B3B}.Release|Any CPU.Build.0 = Release|Any CPU
		{8801D3A0-9E4C-4778-94E5-049DB743387A}.Debug|Any CPU.ActiveCfg = Debug|Any CPU
		{8801D3A0-9E4C-4778-94E5-049DB743387A}.Debug|Any CPU.Build.0 = Debug|Any CPU
		{8801D3A0-9E4C-4778-94E5-049DB743387A}.Release|Any CPU.ActiveCfg = Release|Any CPU
		{8801D3A0-9E4C-4778-94E5-049DB743387A}.Release|Any CPU.Build.0 = Release|Any CPU
		{4B09D039-DD38-435B-B1CB-9ECA9587F13C}.Debug|Any CPU.ActiveCfg = Debug|Any CPU
		{4B09D039-DD38-435B-B1CB-9ECA9587F13C}.Debug|Any CPU.Build.0 = Debug|Any CPU
		{4B09D039-DD38-435B-B1CB-9ECA9587F13C}.Release|Any CPU.ActiveCfg = Release|Any CPU
		{4B09D039-DD38-435B-B1CB-9ECA9587F13C}.Release|Any CPU.Build.0 = Release|Any CPU
	EndGlobalSection
	GlobalSection(SolutionProperties) = preSolution
		HideSolutionNode = FALSE
	EndGlobalSection
EndGlobal
